
Microsoft Visual Studio Solution File, Format Version 12.00
# Visual Studio Version 16
VisualStudioVersion = 16.0.31515.178
MinimumVisualStudioVersion = 10.0.40219.1
Project("{8BC9CEB8-8B4A-11D0-8D11-00A0C91BC942}") = "Double Float Sum", "Double Float Sum.vcxproj", "{B99BFC2F-C4E4-47A8-9403-F56DBC82B8D7}"
EndProject
Global
	GlobalSection(SolutionConfigurationPlatforms) = preSolution
		Debug|x64 = Debug|x64
		Debug|x86 = Debug|x86
		Release|x64 = Release|x64
		Release|x86 = Release|x86
	EndGlobalSection
	GlobalSection(ProjectConfigurationPlatforms) = postSolution
		{B99BFC2F-C4E4-47A8-9403-F56DBC82B8D7}.Debug|x64.ActiveCfg = Debug|x64
		{B99BFC2F-C4E4-47A8-9403-F56DBC82B8D7}.Debug|x64.Build.0 = Debug|x64
		{B99BFC2F-C4E4-47A8-9403-F56DBC82B8D7}.Debug|x86.ActiveCfg = Debug|Win32
		{B99BFC2F-C4E4-47A8-9403-F56DBC82B8D7}.Debug|x86.Build.0 = Debug|Win32
		{B99BFC2F-C4E4-47A8-9403-F56DBC82B8D7}.Release|x64.ActiveCfg = Release|x64
		{B99BFC2F-C4E4-47A8-9403-F56DBC82B8D7}.Release|x64.Build.0 = Release|x64
		{B99BFC2F-C4E4-47A8-9403-F56DBC82B8D7}.Release|x86.ActiveCfg = Release|Win32
		{B99BFC2F-C4E4-47A8-9403-F56DBC82B8D7}.Release|x86.Build.0 = Release|Win32
	EndGlobalSection
	GlobalSection(SolutionProperties) = preSolution
		HideSolutionNode = FALSE
	EndGlobalSection
	GlobalSection(ExtensibilityGlobals) = postSolution
		SolutionGuid = {DE1A20A1-1777-48A2-9DA0-C1FD9FF21325}
	EndGlobalSection
EndGlobal
